
Microsoft Visual Studio Solution File, Format Version 12.00
# Visual Studio 15
VisualStudioVersion = 15.0.26730.15
MinimumVisualStudioVersion = 10.0.40219.1
Project("{9A19103F-16F7-4668-BE54-9A1E7A4F7556}") = "Send", "Send\Send.csproj", "{4810ED5C-3959-452A-802C-C7F0C3EF21E1}"
EndProject
Project("{9A19103F-16F7-4668-BE54-9A1E7A4F7556}") = "Received", "Received\Received.csproj", "{36AFDA22-3BEA-478E-BCD1-BEB2E7BD55A1}"
EndProject
Project("{9A19103F-16F7-4668-BE54-9A1E7A4F7556}") = "EventBus", "EventBus\EventBus.csproj", "{07A8E0BE-BC41-4233-AC4C-CD6C61246F02}"
EndProject
Project("{FAE04EC0-301F-11D3-BF4B-00C04F79EFBC}") = "EventRebbitMQ", "EventRebbitMQ\EventRebbitMQ.csproj", "{9BADBDA2-8961-452E-8213-09D361E5392B}"
EndProject
Global
	GlobalSection(SolutionConfigurationPlatforms) = preSolution
		Debug|Any CPU = Debug|Any CPU
		Release|Any CPU = Release|Any CPU
	EndGlobalSection
	GlobalSection(ProjectConfigurationPlatforms) = postSolution
		{4810ED5C-3959-452A-802C-C7F0C3EF21E1}.Debug|Any CPU.ActiveCfg = Debug|Any CPU
		{4810ED5C-3959-452A-802C-C7F0C3EF21E1}.Debug|Any CPU.Build.0 = Debug|Any CPU
		{4810ED5C-3959-452A-802C-C7F0C3EF21E1}.Release|Any CPU.ActiveCfg = Release|Any CPU
		{4810ED5C-3959-452A-802C-C7F0C3EF21E1}.Release|Any CPU.Build.0 = Release|Any CPU
		{36AFDA22-3BEA-478E-BCD1-BEB2E7BD55A1}.Debug|Any CPU.ActiveCfg = Debug|Any CPU
		{36AFDA22-3BEA-478E-BCD1-BEB2E7BD55A1}.Debug|Any CPU.Build.0 = Debug|Any CPU
		{36AFDA22-3BEA-478E-BCD1-BEB2E7BD55A1}.Release|Any CPU.ActiveCfg = Release|Any CPU
		{36AFDA22-3BEA-478E-BCD1-BEB2E7BD55A1}.Release|Any CPU.Build.0 = Release|Any CPU
		{07A8E0BE-BC41-4233-AC4C-CD6C61246F02}.Debug|Any CPU.ActiveCfg = Debug|Any CPU
		{07A8E0BE-BC41-4233-AC4C-CD6C61246F02}.Debug|Any CPU.Build.0 = Debug|Any CPU
		{07A8E0BE-BC41-4233-AC4C-CD6C61246F02}.Release|Any CPU.ActiveCfg = Release|Any CPU
		{07A8E0BE-BC41-4233-AC4C-CD6C61246F02}.Release|Any CPU.Build.0 = Release|Any CPU
		{9BADBDA2-8961-452E-8213-09D361E5392B}.Debug|Any CPU.ActiveCfg = Debug|Any CPU
		{9BADBDA2-8961-452E-8213-09D361E5392B}.Debug|Any CPU.Build.0 = Debug|Any CPU
		{9BADBDA2-8961-452E-8213-09D361E5392B}.Release|Any CPU.ActiveCfg = Release|Any CPU
		{9BADBDA2-8961-452E-8213-09D361E5392B}.Release|Any CPU.Build.0 = Release|Any CPU
	EndGlobalSection
	GlobalSection(SolutionProperties) = preSolution
		HideSolutionNode = FALSE
	EndGlobalSection
	GlobalSection(ExtensibilityGlobals) = postSolution
		SolutionGuid = {7DAD7723-723A-4CF2-8570-AB307CF7309F}
	EndGlobalSection
EndGlobal
