
Microsoft Visual Studio Solution File, Format Version 12.00
# Visual Studio 15
VisualStudioVersion = 15.0.27130.2010
MinimumVisualStudioVersion = 10.0.40219.1
Project("{9A19103F-16F7-4668-BE54-9A1E7A4F7556}") = "Send", "Send\Send.csproj", "{4810ED5C-3959-452A-802C-C7F0C3EF21E1}"
EndProject
Project("{9A19103F-16F7-4668-BE54-9A1E7A4F7556}") = "Received", "Received\Received.csproj", "{36AFDA22-3BEA-478E-BCD1-BEB2E7BD55A1}"
EndProject
Project("{9A19103F-16F7-4668-BE54-9A1E7A4F7556}") = "EventBus", "EventBus\EventBus.csproj", "{07A8E0BE-BC41-4233-AC4C-CD6C61246F02}"
EndProject
Project("{9A19103F-16F7-4668-BE54-9A1E7A4F7556}") = "EventRebbitMQ", "EventRebbitMQ\EventRebbitMQ.csproj", "{9BADBDA2-8961-452E-8213-09D361E5392B}"
EndProject
Project("{2150E333-8FDC-42A3-9474-1A3956D46DE8}") = "RabbitMQ", "RabbitMQ", "{F3EA8F06-70C9-4AF3-87DB-07C79260E48D}"
EndProject
Project("{2150E333-8FDC-42A3-9474-1A3956D46DE8}") = "DynamicURLRouting", "DynamicURLRouting", "{FB65D2B4-F497-404D-8864-92776EAC6462}"
EndProject
Project("{9A19103F-16F7-4668-BE54-9A1E7A4F7556}") = "WebApp", "WebApp\WebApp.csproj", "{0C0D46A9-2015-468E-8399-044086F9D322}"
EndProject
Project("{9A19103F-16F7-4668-BE54-9A1E7A4F7556}") = "Tenant", "TenantManagement\Tenant.csproj", "{54C6AF95-362D-4CF8-BB49-05148D0E5BCE}"
EndProject
Project("{2150E333-8FDC-42A3-9474-1A3956D46DE8}") = "DataRepository", "DataRepository", "{557B8A88-E75A-43C0-ADBE-CFF28F5623C5}"
EndProject
Project("{9A19103F-16F7-4668-BE54-9A1E7A4F7556}") = "DataAccessWithDapper", "DataAccessWithDapper\DataAccessWithDapper.csproj", "{3674F2EC-E0DD-4C15-A260-5AA755FC3DD5}"
EndProject
Project("{9A19103F-16F7-4668-BE54-9A1E7A4F7556}") = "EF20.Data", "EF20.Data\EF20.Data.csproj", "{F7DCAFA6-D54A-486C-BB68-C6D632CA9A84}"
EndProject
Project("{9A19103F-16F7-4668-BE54-9A1E7A4F7556}") = "Dapper.Data", "DapperOrm\Dapper.Data.csproj", "{8AC30C29-B299-42DE-B74A-858BC389C638}"
EndProject
Project("{9A19103F-16F7-4668-BE54-9A1E7A4F7556}") = "Console.Dapper.Test", "Console.Dapper.Test\Console.Dapper.Test.csproj", "{15A51722-08A5-4F27-A2BE-F737160E52A5}"
EndProject
Project("{2150E333-8FDC-42A3-9474-1A3956D46DE8}") = "WSSE", "WSSE", "{4FFDFF66-EF71-42C1-892B-77B40C68E7F0}"
EndProject
Project("{9A19103F-16F7-4668-BE54-9A1E7A4F7556}") = "ConsoleAppWSSEGenerate", "WSSE\ConsoleAppWSSEGenerate\ConsoleAppWSSEGenerate.csproj", "{B0648F3C-EF02-4FC0-B187-85B9AC507ED7}"
EndProject
Project("{FAE04EC0-301F-11D3-BF4B-00C04F79EFBC}") = "InSync.WSSEHeader", "InSync.HttpClient.WSSEHeader\InSync.WSSEHeader.csproj", "{9111D346-106D-4C83-AD6C-2536A6746422}"
EndProject
Global
	GlobalSection(SolutionConfigurationPlatforms) = preSolution
		Debug|Any CPU = Debug|Any CPU
		Release|Any CPU = Release|Any CPU
	EndGlobalSection
	GlobalSection(ProjectConfigurationPlatforms) = postSolution
		{4810ED5C-3959-452A-802C-C7F0C3EF21E1}.Debug|Any CPU.ActiveCfg = Debug|Any CPU
		{4810ED5C-3959-452A-802C-C7F0C3EF21E1}.Debug|Any CPU.Build.0 = Debug|Any CPU
		{4810ED5C-3959-452A-802C-C7F0C3EF21E1}.Release|Any CPU.ActiveCfg = Release|Any CPU
		{4810ED5C-3959-452A-802C-C7F0C3EF21E1}.Release|Any CPU.Build.0 = Release|Any CPU
		{36AFDA22-3BEA-478E-BCD1-BEB2E7BD55A1}.Debug|Any CPU.ActiveCfg = Debug|Any CPU
		{36AFDA22-3BEA-478E-BCD1-BEB2E7BD55A1}.Debug|Any CPU.Build.0 = Debug|Any CPU
		{36AFDA22-3BEA-478E-BCD1-BEB2E7BD55A1}.Release|Any CPU.ActiveCfg = Release|Any CPU
		{36AFDA22-3BEA-478E-BCD1-BEB2E7BD55A1}.Release|Any CPU.Build.0 = Release|Any CPU
		{07A8E0BE-BC41-4233-AC4C-CD6C61246F02}.Debug|Any CPU.ActiveCfg = Debug|Any CPU
		{07A8E0BE-BC41-4233-AC4C-CD6C61246F02}.Debug|Any CPU.Build.0 = Debug|Any CPU
		{07A8E0BE-BC41-4233-AC4C-CD6C61246F02}.Release|Any CPU.ActiveCfg = Release|Any CPU
		{07A8E0BE-BC41-4233-AC4C-CD6C61246F02}.Release|Any CPU.Build.0 = Release|Any CPU
		{9BADBDA2-8961-452E-8213-09D361E5392B}.Debug|Any CPU.ActiveCfg = Debug|Any CPU
		{9BADBDA2-8961-452E-8213-09D361E5392B}.Debug|Any CPU.Build.0 = Debug|Any CPU
		{9BADBDA2-8961-452E-8213-09D361E5392B}.Release|Any CPU.ActiveCfg = Release|Any CPU
		{9BADBDA2-8961-452E-8213-09D361E5392B}.Release|Any CPU.Build.0 = Release|Any CPU
		{0C0D46A9-2015-468E-8399-044086F9D322}.Debug|Any CPU.ActiveCfg = Debug|Any CPU
		{0C0D46A9-2015-468E-8399-044086F9D322}.Debug|Any CPU.Build.0 = Debug|Any CPU
		{0C0D46A9-2015-468E-8399-044086F9D322}.Release|Any CPU.ActiveCfg = Release|Any CPU
		{0C0D46A9-2015-468E-8399-044086F9D322}.Release|Any CPU.Build.0 = Release|Any CPU
		{54C6AF95-362D-4CF8-BB49-05148D0E5BCE}.Debug|Any CPU.ActiveCfg = Debug|Any CPU
		{54C6AF95-362D-4CF8-BB49-05148D0E5BCE}.Debug|Any CPU.Build.0 = Debug|Any CPU
		{54C6AF95-362D-4CF8-BB49-05148D0E5BCE}.Release|Any CPU.ActiveCfg = Release|Any CPU
		{54C6AF95-362D-4CF8-BB49-05148D0E5BCE}.Release|Any CPU.Build.0 = Release|Any CPU
		{3674F2EC-E0DD-4C15-A260-5AA755FC3DD5}.Debug|Any CPU.ActiveCfg = Debug|Any CPU
		{3674F2EC-E0DD-4C15-A260-5AA755FC3DD5}.Debug|Any CPU.Build.0 = Debug|Any CPU
		{3674F2EC-E0DD-4C15-A260-5AA755FC3DD5}.Release|Any CPU.ActiveCfg = Release|Any CPU
		{3674F2EC-E0DD-4C15-A260-5AA755FC3DD5}.Release|Any CPU.Build.0 = Release|Any CPU
		{F7DCAFA6-D54A-486C-BB68-C6D632CA9A84}.Debug|Any CPU.ActiveCfg = Debug|Any CPU
		{F7DCAFA6-D54A-486C-BB68-C6D632CA9A84}.Debug|Any CPU.Build.0 = Debug|Any CPU
		{F7DCAFA6-D54A-486C-BB68-C6D632CA9A84}.Release|Any CPU.ActiveCfg = Release|Any CPU
		{F7DCAFA6-D54A-486C-BB68-C6D632CA9A84}.Release|Any CPU.Build.0 = Release|Any CPU
		{8AC30C29-B299-42DE-B74A-858BC389C638}.Debug|Any CPU.ActiveCfg = Debug|Any CPU
		{8AC30C29-B299-42DE-B74A-858BC389C638}.Debug|Any CPU.Build.0 = Debug|Any CPU
		{8AC30C29-B299-42DE-B74A-858BC389C638}.Release|Any CPU.ActiveCfg = Release|Any CPU
		{8AC30C29-B299-42DE-B74A-858BC389C638}.Release|Any CPU.Build.0 = Release|Any CPU
		{15A51722-08A5-4F27-A2BE-F737160E52A5}.Debug|Any CPU.ActiveCfg = Debug|Any CPU
		{15A51722-08A5-4F27-A2BE-F737160E52A5}.Debug|Any CPU.Build.0 = Debug|Any CPU
		{15A51722-08A5-4F27-A2BE-F737160E52A5}.Release|Any CPU.ActiveCfg = Release|Any CPU
		{15A51722-08A5-4F27-A2BE-F737160E52A5}.Release|Any CPU.Build.0 = Release|Any CPU
		{B0648F3C-EF02-4FC0-B187-85B9AC507ED7}.Debug|Any CPU.ActiveCfg = Debug|Any CPU
		{B0648F3C-EF02-4FC0-B187-85B9AC507ED7}.Debug|Any CPU.Build.0 = Debug|Any CPU
		{B0648F3C-EF02-4FC0-B187-85B9AC507ED7}.Release|Any CPU.ActiveCfg = Release|Any CPU
		{B0648F3C-EF02-4FC0-B187-85B9AC507ED7}.Release|Any CPU.Build.0 = Release|Any CPU
		{9111D346-106D-4C83-AD6C-2536A6746422}.Debug|Any CPU.ActiveCfg = Debug|Any CPU
		{9111D346-106D-4C83-AD6C-2536A6746422}.Debug|Any CPU.Build.0 = Debug|Any CPU
		{9111D346-106D-4C83-AD6C-2536A6746422}.Release|Any CPU.ActiveCfg = Release|Any CPU
		{9111D346-106D-4C83-AD6C-2536A6746422}.Release|Any CPU.Build.0 = Release|Any CPU
	EndGlobalSection
	GlobalSection(SolutionProperties) = preSolution
		HideSolutionNode = FALSE
	EndGlobalSection
	GlobalSection(NestedProjects) = preSolution
		{4810ED5C-3959-452A-802C-C7F0C3EF21E1} = {F3EA8F06-70C9-4AF3-87DB-07C79260E48D}
		{36AFDA22-3BEA-478E-BCD1-BEB2E7BD55A1} = {F3EA8F06-70C9-4AF3-87DB-07C79260E48D}
		{07A8E0BE-BC41-4233-AC4C-CD6C61246F02} = {F3EA8F06-70C9-4AF3-87DB-07C79260E48D}
		{9BADBDA2-8961-452E-8213-09D361E5392B} = {F3EA8F06-70C9-4AF3-87DB-07C79260E48D}
		{0C0D46A9-2015-468E-8399-044086F9D322} = {FB65D2B4-F497-404D-8864-92776EAC6462}
		{54C6AF95-362D-4CF8-BB49-05148D0E5BCE} = {FB65D2B4-F497-404D-8864-92776EAC6462}
		{3674F2EC-E0DD-4C15-A260-5AA755FC3DD5} = {557B8A88-E75A-43C0-ADBE-CFF28F5623C5}
		{F7DCAFA6-D54A-486C-BB68-C6D632CA9A84} = {557B8A88-E75A-43C0-ADBE-CFF28F5623C5}
		{8AC30C29-B299-42DE-B74A-858BC389C638} = {557B8A88-E75A-43C0-ADBE-CFF28F5623C5}
		{15A51722-08A5-4F27-A2BE-F737160E52A5} = {557B8A88-E75A-43C0-ADBE-CFF28F5623C5}
		{B0648F3C-EF02-4FC0-B187-85B9AC507ED7} = {4FFDFF66-EF71-42C1-892B-77B40C68E7F0}
		{9111D346-106D-4C83-AD6C-2536A6746422} = {4FFDFF66-EF71-42C1-892B-77B40C68E7F0}
	EndGlobalSection
	GlobalSection(ExtensibilityGlobals) = postSolution
		SolutionGuid = {7DAD7723-723A-4CF2-8570-AB307CF7309F}
	EndGlobalSection
EndGlobal
